
Microsoft Visual Studio Solution File, Format Version 12.00
# Visual Studio Version 16
VisualStudioVersion = 16.0.31624.102
MinimumVisualStudioVersion = 10.0.40219.1
Project("{FAE04EC0-301F-11D3-BF4B-00C04F79EFBC}") = "Series", "Series\Series.csproj", "{33FC72E3-4479-4623-980F-D149EB335F2B}"
EndProject
Global
	GlobalSection(SolutionConfigurationPlatforms) = preSolution
		Debug|Any CPU = Debug|Any CPU
		Release|Any CPU = Release|Any CPU
	EndGlobalSection
	GlobalSection(ProjectConfigurationPlatforms) = postSolution
		{33FC72E3-4479-4623-980F-D149EB335F2B}.Debug|Any CPU.ActiveCfg = Debug|Any CPU
		{33FC72E3-4479-4623-980F-D149EB335F2B}.Debug|Any CPU.Build.0 = Debug|Any CPU
		{33FC72E3-4479-4623-980F-D149EB335F2B}.Release|Any CPU.ActiveCfg = Release|Any CPU
		{33FC72E3-4479-4623-980F-D149EB335F2B}.Release|Any CPU.Build.0 = Release|Any CPU
	EndGlobalSection
	GlobalSection(SolutionProperties) = preSolution
		HideSolutionNode = FALSE
	EndGlobalSection
	GlobalSection(ExtensibilityGlobals) = postSolution
		SolutionGuid = {CF6D4251-29F6-4278-A476-77A0FF6F47D1}
	EndGlobalSection
EndGlobal
